// !$*UTF8*$!
{
	archiveVersion = 1;
	classes = {
	};
	objectVersion = 50;
	objects = {

/* Begin PBXBuildFile section */
		FD477CCB244D45270087C20D /* ProspectView.swift in Sources */ = {isa = PBXBuildFile; fileRef = FD477CCA244D45270087C20D /* ProspectView.swift */; };
		FD477CCD244D45440087C20D /* MeView.swift in Sources */ = {isa = PBXBuildFile; fileRef = FD477CCC244D45440087C20D /* MeView.swift */; };
		FDB300D42440D0D0000AB06C /* AppDelegate.swift in Sources */ = {isa = PBXBuildFile; fileRef = FDB300D32440D0D0000AB06C /* AppDelegate.swift */; };
		FDB300D62440D0D0000AB06C /* SceneDelegate.swift in Sources */ = {isa = PBXBuildFile; fileRef = FDB300D52440D0D0000AB06C /* SceneDelegate.swift */; };
		FDB300D82440D0D0000AB06C /* ContentView.swift in Sources */ = {isa = PBXBuildFile; fileRef = FDB300D72440D0D0000AB06C /* ContentView.swift */; };
		FDB300DA2440D0D5000AB06C /* Assets.xcassets in Resources */ = {isa = PBXBuildFile; fileRef = FDB300D92440D0D5000AB06C /* Assets.xcassets */; };
		FDB300DD2440D0D5000AB06C /* Preview Assets.xcassets in Resources */ = {isa = PBXBuildFile; fileRef = FDB300DC2440D0D5000AB06C /* Preview Assets.xcassets */; };
		FDB300E02440D0D5000AB06C /* LaunchScreen.storyboard in Resources */ = {isa = PBXBuildFile; fileRef = FDB300DE2440D0D5000AB06C /* LaunchScreen.storyboard */; };
		FDDAFB02244EC38D0012FBA1 /* Prospect.swift in Sources */ = {isa = PBXBuildFile; fileRef = FDDAFB01244EC38D0012FBA1 /* Prospect.swift */; };
/* End PBXBuildFile section */

/* Begin PBXFileReference section */
		FD477CCA244D45270087C20D /* ProspectView.swift */ = {isa = PBXFileReference; lastKnownFileType = sourcecode.swift; path = ProspectView.swift; sourceTree = "<group>"; };
		FD477CCC244D45440087C20D /* MeView.swift */ = {isa = PBXFileReference; lastKnownFileType = sourcecode.swift; path = MeView.swift; sourceTree = "<group>"; };
		FDB300D02440D0D0000AB06C /* HotProspects.app */ = {isa = PBXFileReference; explicitFileType = wrapper.application; includeInIndex = 0; path = HotProspects.app; sourceTree = BUILT_PRODUCTS_DIR; };
		FDB300D32440D0D0000AB06C /* AppDelegate.swift */ = {isa = PBXFileReference; lastKnownFileType = sourcecode.swift; path = AppDelegate.swift; sourceTree = "<group>"; };
		FDB300D52440D0D0000AB06C /* SceneDelegate.swift */ = {isa = PBXFileReference; lastKnownFileType = sourcecode.swift; path = SceneDelegate.swift; sourceTree = "<group>"; };
		FDB300D72440D0D0000AB06C /* ContentView.swift */ = {isa = PBXFileReference; lastKnownFileType = sourcecode.swift; path = ContentView.swift; sourceTree = "<group>"; };
		FDB300D92440D0D5000AB06C /* Assets.xcassets */ = {isa = PBXFileReference; lastKnownFileType = folder.assetcatalog; path = Assets.xcassets; sourceTree = "<group>"; };
		FDB300DC2440D0D5000AB06C /* Preview Assets.xcassets */ = {isa = PBXFileReference; lastKnownFileType = folder.assetcatalog; path = "Preview Assets.xcassets"; sourceTree = "<group>"; };
		FDB300DF2440D0D5000AB06C /* Base */ = {isa = PBXFileReference; lastKnownFileType = file.storyboard; name = Base; path = Base.lproj/LaunchScreen.storyboard; sourceTree = "<group>"; };
		FDB300E12440D0D5000AB06C /* Info.plist */ = {isa = PBXFileReference; lastKnownFileType = text.plist.xml; path = Info.plist; sourceTree = "<group>"; };
		FDDAFB01244EC38D0012FBA1 /* Prospect.swift */ = {isa = PBXFileReference; lastKnownFileType = sourcecode.swift; path = Prospect.swift; sourceTree = "<group>"; };
/* End PBXFileReference section */

/* Begin PBXFrameworksBuildPhase section */
		FDB300CD2440D0D0000AB06C /* Frameworks */ = {
			isa = PBXFrameworksBuildPhase;
			buildActionMask = 2147483647;
			files = (
			);
			runOnlyForDeploymentPostprocessing = 0;
		};
/* End PBXFrameworksBuildPhase section */

/* Begin PBXGroup section */
		FDB300C72440D0D0000AB06C = {
			isa = PBXGroup;
			children = (
				FDB300D22440D0D0000AB06C /* HotProspects */,
				FDB300D12440D0D0000AB06C /* Products */,
			);
			sourceTree = "<group>";
		};
		FDB300D12440D0D0000AB06C /* Products */ = {
			isa = PBXGroup;
			children = (
				FDB300D02440D0D0000AB06C /* HotProspects.app */,
			);
			name = Products;
			sourceTree = "<group>";
		};
		FDB300D22440D0D0000AB06C /* HotProspects */ = {
			isa = PBXGroup;
			children = (
				FDB300D32440D0D0000AB06C /* AppDelegate.swift */,
				FDB300D52440D0D0000AB06C /* SceneDelegate.swift */,
				FDB300D72440D0D0000AB06C /* ContentView.swift */,
				FD477CCC244D45440087C20D /* MeView.swift */,
				FD477CCA244D45270087C20D /* ProspectView.swift */,
				FDDAFB01244EC38D0012FBA1 /* Prospect.swift */,
				FDB300D92440D0D5000AB06C /* Assets.xcassets */,
				FDB300DE2440D0D5000AB06C /* LaunchScreen.storyboard */,
				FDB300E12440D0D5000AB06C /* Info.plist */,
				FDB300DB2440D0D5000AB06C /* Preview Content */,
			);
			path = HotProspects;
			sourceTree = "<group>";
		};
		FDB300DB2440D0D5000AB06C /* Preview Content */ = {
			isa = PBXGroup;
			children = (
				FDB300DC2440D0D5000AB06C /* Preview Assets.xcassets */,
			);
			path = "Preview Content";
			sourceTree = "<group>";
		};
/* End PBXGroup section */

/* Begin PBXNativeTarget section */
		FDB300CF2440D0D0000AB06C /* HotProspects */ = {
			isa = PBXNativeTarget;
			buildConfigurationList = FDB300E42440D0D5000AB06C /* Build configuration list for PBXNativeTarget "HotProspects" */;
			buildPhases = (
				FDB300CC2440D0D0000AB06C /* Sources */,
				FDB300CD2440D0D0000AB06C /* Frameworks */,
				FDB300CE2440D0D0000AB06C /* Resources */,
			);
			buildRules = (
			);
			dependencies = (
			);
			name = HotProspects;
			productName = HotProspects;
			productReference = FDB300D02440D0D0000AB06C /* HotProspects.app */;
			productType = "com.apple.product-type.application";
		};
/* End PBXNativeTarget section */

/* Begin PBXProject section */
		FDB300C82440D0D0000AB06C /* Project object */ = {
			isa = PBXProject;
			attributes = {
				LastSwiftUpdateCheck = 1140;
				LastUpgradeCheck = 1140;
				ORGANIZATIONNAME = "Al Amin";
				TargetAttributes = {
					FDB300CF2440D0D0000AB06C = {
						CreatedOnToolsVersion = 11.4;
					};
				};
			};
			buildConfigurationList = FDB300CB2440D0D0000AB06C /* Build configuration list for PBXProject "HotProspects" */;
			compatibilityVersion = "Xcode 9.3";
			developmentRegion = en;
			hasScannedForEncodings = 0;
			knownRegions = (
				en,
				Base,
			);
			mainGroup = FDB300C72440D0D0000AB06C;
			productRefGroup = FDB300D12440D0D0000AB06C /* Products */;
			projectDirPath = "";
			projectRoot = "";
			targets = (
				FDB300CF2440D0D0000AB06C /* HotProspects */,
			);
		};
/* End PBXProject section */

/* Begin PBXResourcesBuildPhase section */
		FDB300CE2440D0D0000AB06C /* Resources */ = {
			isa = PBXResourcesBuildPhase;
			buildActionMask = 2147483647;
			files = (
				FDB300E02440D0D5000AB06C /* LaunchScreen.storyboard in Resources */,
				FDB300DD2440D0D5000AB06C /* Preview Assets.xcassets in Resources */,
				FDB300DA2440D0D5000AB06C /* Assets.xcassets in Resources */,
			);
			runOnlyForDeploymentPostprocessing = 0;
		};
/* End PBXResourcesBuildPhase section */

/* Begin PBXSourcesBuildPhase section */
		FDB300CC2440D0D0000AB06C /* Sources */ = {
			isa = PBXSourcesBuildPhase;
			buildActionMask = 2147483647;
			files = (
				FD477CCB244D45270087C20D /* ProspectView.swift in Sources */,
				FDDAFB02244EC38D0012FBA1 /* Prospect.swift in Sources */,
				FDB300D42440D0D0000AB06C /* AppDelegate.swift in Sources */,
				FDB300D62440D0D0000AB06C /* SceneDelegate.swift in Sources */,
				FDB300D82440D0D0000AB06C /* ContentView.swift in Sources */,
				FD477CCD244D45440087C20D /* MeView.swift in Sources */,
			);
			runOnlyForDeploymentPostprocessing = 0;
		};
/* End PBXSourcesBuildPhase section */

/* Begin PBXVariantGroup section */
		FDB300DE2440D0D5000AB06C /* LaunchScreen.storyboard */ = {
			isa = PBXVariantGroup;
			children = (
				FDB300DF2440D0D5000AB06C /* Base */,
			);
			name = LaunchScreen.storyboard;
			sourceTree = "<group>";
		};
/* End PBXVariantGroup section */

/* Begin XCBuildConfiguration section */
		FDB300E22440D0D5000AB06C /* Debug */ = {
			isa = XCBuildConfiguration;
			buildSettings = {
				ALWAYS_SEARCH_USER_PATHS = NO;
				CLANG_ANALYZER_NONNULL = YES;
				CLANG_ANALYZER_NUMBER_OBJECT_CONVERSION = YES_AGGRESSIVE;
				CLANG_CXX_LANGUAGE_STANDARD = "gnu++14";
				CLANG_CXX_LIBRARY = "libc++";
				CLANG_ENABLE_MODULES = YES;
				CLANG_ENABLE_OBJC_ARC = YES;
				CLANG_ENABLE_OBJC_WEAK = YES;
				CLANG_WARN_BLOCK_CAPTURE_AUTORELEASING = YES;
				CLANG_WARN_BOOL_CONVERSION = YES;
				CLANG_WARN_COMMA = YES;
				CLANG_WARN_CONSTANT_CONVERSION = YES;
				CLANG_WARN_DEPRECATED_OBJC_IMPLEMENTATIONS = YES;
				CLANG_WARN_DIRECT_OBJC_ISA_USAGE = YES_ERROR;
				CLANG_WARN_DOCUMENTATION_COMMENTS = YES;
				CLANG_WARN_EMPTY_BODY = YES;
				CLANG_WARN_ENUM_CONVERSION = YES;
				CLANG_WARN_INFINITE_RECURSION = YES;
				CLANG_WARN_INT_CONVERSION = YES;
				CLANG_WARN_NON_LITERAL_NULL_CONVERSION = YES;
				CLANG_WARN_OBJC_IMPLICIT_RETAIN_SELF = YES;
				CLANG_WARN_OBJC_LITERAL_CONVERSION = YES;
				CLANG_WARN_OBJC_ROOT_CLASS = YES_ERROR;
				CLANG_WARN_RANGE_LOOP_ANALYSIS = YES;
				CLANG_WARN_STRICT_PROTOTYPES = YES;
				CLANG_WARN_SUSPICIOUS_MOVE = YES;
				CLANG_WARN_UNGUARDED_AVAILABILITY = YES_AGGRESSIVE;
				CLANG_WARN_UNREACHABLE_CODE = YES;
				CLANG_WARN__DUPLICATE_METHOD_MATCH = YES;
				COPY_PHASE_STRIP = NO;
				DEBUG_INFORMATION_FORMAT = dwarf;
				ENABLE_STRICT_OBJC_MSGSEND = YES;
				ENABLE_TESTABILITY = YES;
				GCC_C_LANGUAGE_STANDARD = gnu11;
				GCC_DYNAMIC_NO_PIC = NO;
				GCC_NO_COMMON_BLOCKS = YES;
				GCC_OPTIMIZATION_LEVEL = 0;
				GCC_PREPROCESSOR_DEFINITIONS = (
					"DEBUG=1",
					"$(inherited)",
				);
				GCC_WARN_64_TO_32_BIT_CONVERSION = YES;
				GCC_WARN_ABOUT_RETURN_TYPE = YES_ERROR;
				GCC_WARN_UNDECLARED_SELECTOR = YES;
				GCC_WARN_UNINITIALIZED_AUTOS = YES_AGGRESSIVE;
				GCC_WARN_UNUSED_FUNCTION = YES;
				GCC_WARN_UNUSED_VARIABLE = YES;
				IPHONEOS_DEPLOYMENT_TARGET = 13.4;
				MTL_ENABLE_DEBUG_INFO = INCLUDE_SOURCE;
				MTL_FAST_MATH = YES;
				ONLY_ACTIVE_ARCH = YES;
				SDKROOT = iphoneos;
				SWIFT_ACTIVE_COMPILATION_CONDITIONS = DEBUG;
				SWIFT_OPTIMIZATION_LEVEL = "-Onone";
			};
			name = Debug;
		};
		FDB300E32440D0D5000AB06C /* Release */ = {
			isa = XCBuildConfiguration;
			buildSettings = {
				ALWAYS_SEARCH_USER_PATHS = NO;
				CLANG_ANALYZER_NONNULL = YES;
				CLANG_ANALYZER_NUMBER_OBJECT_CONVERSION = YES_AGGRESSIVE;
				CLANG_CXX_LANGUAGE_STANDARD = "gnu++14";
				CLANG_CXX_LIBRARY = "libc++";
				CLANG_ENABLE_MODULES = YES;
				CLANG_ENABLE_OBJC_ARC = YES;
				CLANG_ENABLE_OBJC_WEAK = YES;
				CLANG_WARN_BLOCK_CAPTURE_AUTORELEASING = YES;
				CLANG_WARN_BOOL_CONVERSION = YES;
				CLANG_WARN_COMMA = YES;
				CLANG_WARN_CONSTANT_CONVERSION = YES;
				CLANG_WARN_DEPRECATED_OBJC_IMPLEMENTATIONS = YES;
				CLANG_WARN_DIRECT_OBJC_ISA_USAGE = YES_ERROR;
				CLANG_WARN_DOCUMENTATION_COMMENTS = YES;
				CLANG_WARN_EMPTY_BODY = YES;
				CLANG_WARN_ENUM_CONVERSION = YES;
				CLANG_WARN_INFINITE_RECURSION = YES;
				CLANG_WARN_INT_CONVERSION = YES;
				CLANG_WARN_NON_LITERAL_NULL_CONVERSION = YES;
				CLANG_WARN_OBJC_IMPLICIT_RETAIN_SELF = YES;
				CLANG_WARN_OBJC_LITERAL_CONVERSION = YES;
				CLANG_WARN_OBJC_ROOT_CLASS = YES_ERROR;
				CLANG_WARN_RANGE_LOOP_ANALYSIS = YES;
				CLANG_WARN_STRICT_PROTOTYPES = YES;
				CLANG_WARN_SUSPICIOUS_MOVE = YES;
				CLANG_WARN_UNGUARDED_AVAILABILITY = YES_AGGRESSIVE;
				CLANG_WARN_UNREACHABLE_CODE = YES;
				CLANG_WARN__DUPLICATE_METHOD_MATCH = YES;
				COPY_PHASE_STRIP = NO;
				DEBUG_INFORMATION_FORMAT = "dwarf-with-dsym";
				ENABLE_NS_ASSERTIONS = NO;
				ENABLE_STRICT_OBJC_MSGSEND = YES;
				GCC_C_LANGUAGE_STANDARD = gnu11;
				GCC_NO_COMMON_BLOCKS = YES;
				GCC_WARN_64_TO_32_BIT_CONVERSION = YES;
				GCC_WARN_ABOUT_RETURN_TYPE = YES_ERROR;
				GCC_WARN_UNDECLARED_SELECTOR = YES;
				GCC_WARN_UNINITIALIZED_AUTOS = YES_AGGRESSIVE;
				GCC_WARN_UNUSED_FUNCTION = YES;
				GCC_WARN_UNUSED_VARIABLE = YES;
				IPHONEOS_DEPLOYMENT_TARGET = 13.4;
				MTL_ENABLE_DEBUG_INFO = NO;
				MTL_FAST_MATH = YES;
				SDKROOT = iphoneos;
				SWIFT_COMPILATION_MODE = wholemodule;
				SWIFT_OPTIMIZATION_LEVEL = "-O";
				VALIDATE_PRODUCT = YES;
			};
			name = Release;
		};
		FDB300E52440D0D5000AB06C /* Debug */ = {
			isa = XCBuildConfiguration;
			buildSettings = {
				ASSETCATALOG_COMPILER_APPICON_NAME = AppIcon;
				CODE_SIGN_STYLE = Automatic;
				DEVELOPMENT_ASSET_PATHS = "\"HotProspects/Preview Content\"";
				ENABLE_PREVIEWS = YES;
				INFOPLIST_FILE = HotProspects/Info.plist;
				LD_RUNPATH_SEARCH_PATHS = (
					"$(inherited)",
					"@executable_path/Frameworks",
				);
				PRODUCT_BUNDLE_IDENTIFIER = alamin.HotProspects;
				PRODUCT_NAME = "$(TARGET_NAME)";
				SWIFT_VERSION = 5.0;
				TARGETED_DEVICE_FAMILY = "1,2";
			};
			name = Debug;
		};
		FDB300E62440D0D5000AB06C /* Release */ = {
			isa = XCBuildConfiguration;
			buildSettings = {
				ASSETCATALOG_COMPILER_APPICON_NAME = AppIcon;
				CODE_SIGN_STYLE = Automatic;
				DEVELOPMENT_ASSET_PATHS = "\"HotProspects/Preview Content\"";
				ENABLE_PREVIEWS = YES;
				INFOPLIST_FILE = HotProspects/Info.plist;
				LD_RUNPATH_SEARCH_PATHS = (
					"$(inherited)",
					"@executable_path/Frameworks",
				);
				PRODUCT_BUNDLE_IDENTIFIER = alamin.HotProspects;
				PRODUCT_NAME = "$(TARGET_NAME)";
				SWIFT_VERSION = 5.0;
				TARGETED_DEVICE_FAMILY = "1,2";
			};
			name = Release;
		};
/* End XCBuildConfiguration section */

/* Begin XCConfigurationList section */
		FDB300CB2440D0D0000AB06C /* Build configuration list for PBXProject "HotProspects" */ = {
			isa = XCConfigurationList;
			buildConfigurations = (
				FDB300E22440D0D5000AB06C /* Debug */,
				FDB300E32440D0D5000AB06C /* Release */,
			);
			defaultConfigurationIsVisible = 0;
			defaultConfigurationName = Release;
		};
		FDB300E42440D0D5000AB06C /* Build configuration list for PBXNativeTarget "HotProspects" */ = {
			isa = XCConfigurationList;
			buildConfigurations = (
				FDB300E52440D0D5000AB06C /* Debug */,
				FDB300E62440D0D5000AB06C /* Release */,
			);
			defaultConfigurationIsVisible = 0;
			defaultConfigurationName = Release;
		};
/* End XCConfigurationList section */
	};
	rootObject = FDB300C82440D0D0000AB06C /* Project object */;
}
